{
  "name": "css-diff-tool",
  "version": "1.0.0",
  "lockfileVersion": 1,
  "requires": true,
  "dependencies": {
    "agent-base": {
      "version": "4.2.1",
      "resolved": "https://registry.npmjs.intuit.net:443/artifactory/api/npm/npm-intuit/agent-base/-/agent-base-4.2.1.tgz",
      "integrity": "sha1-2J5ZmfeXh1Z0wH2H8mD8Qeg+jKk=",
      "dev": true,
      "requires": {
        "es6-promisify": "^5.0.0"
      }
    },
    "ajv": {
      "version": "6.7.0",
      "resolved": "https://registry.npmjs.intuit.net:443/artifactory/api/npm/npm-intuit/ajv/-/ajv-6.7.0.tgz",
      "integrity": "sha1-4857s3LWV3uxg58d/fy/WtKUjZY=",
      "requires": {
        "fast-deep-equal": "^2.0.1",
        "fast-json-stable-stringify": "^2.0.0",
        "json-schema-traverse": "^0.4.1",
        "uri-js": "^4.2.2"
      }
    },
    "asn1": {
      "version": "0.2.4",
      "resolved": "https://registry.npmjs.intuit.net:443/artifactory/api/npm/npm-intuit/asn1/-/asn1-0.2.4.tgz",
      "integrity": "sha1-jSR136tVO7M+d7VOWeiAu4ziMTY=",
      "requires": {
        "safer-buffer": "~2.1.0"
      }
    },
    "assert-plus": {
      "version": "1.0.0",
      "resolved": "https://registry.npmjs.intuit.net:443/artifactory/api/npm/npm-intuit/assert-plus/-/assert-plus-1.0.0.tgz",
      "integrity": "sha1-8S4PPF13sLHN2RRpQuTpbB5N1SU="
    },
    "async-limiter": {
      "version": "1.0.0",
      "resolved": "https://registry.npmjs.intuit.net:443/artifactory/api/npm/npm-intuit/async-limiter/-/async-limiter-1.0.0.tgz",
      "integrity": "sha1-ePrtjD0HSrgfIrTphdeehzj3IPg=",
      "dev": true
    },
    "asynckit": {
      "version": "0.4.0",
      "resolved": "https://registry.npmjs.intuit.net:443/artifactory/api/npm/npm-intuit/asynckit/-/asynckit-0.4.0.tgz",
      "integrity": "sha1-x57Zf380y48robyXkLzDZkdLS3k="
    },
    "aws-sign2": {
      "version": "0.7.0",
      "resolved": "https://registry.npmjs.intuit.net:443/artifactory/api/npm/npm-intuit/aws-sign2/-/aws-sign2-0.7.0.tgz",
      "integrity": "sha1-tG6JCTSpWR8tL2+G1+ap8bP+dqg="
    },
    "aws4": {
      "version": "1.8.0",
      "resolved": "https://registry.npmjs.intuit.net:443/artifactory/api/npm/npm-intuit/aws4/-/aws4-1.8.0.tgz",
      "integrity": "sha1-8OAD2cqef1nHpQiUXXsu+aBKVC8="
    },
    "balanced-match": {
      "version": "1.0.0",
      "resolved": "https://registry.npmjs.intuit.net:443/artifactory/api/npm/npm-intuit/balanced-match/-/balanced-match-1.0.0.tgz",
      "integrity": "sha1-ibTRmasr7kneFk6gK4nORi1xt2c=",
      "dev": true
    },
    "bcrypt-pbkdf": {
      "version": "1.0.2",
      "resolved": "https://registry.npmjs.intuit.net:443/artifactory/api/npm/npm-intuit/bcrypt-pbkdf/-/bcrypt-pbkdf-1.0.2.tgz",
      "integrity": "sha1-pDAdOJtqQ/m2f/PKEaP2Y342Dp4=",
      "requires": {
        "tweetnacl": "^0.14.3"
      }
    },
    "boolbase": {
      "version": "1.0.0",
      "resolved": "https://registry.npmjs.intuit.net:443/artifactory/api/npm/npm-intuit/boolbase/-/boolbase-1.0.0.tgz",
      "integrity": "sha1-aN/1++YMUes3cl6p4+0xDcwed24="
    },
    "brace-expansion": {
      "version": "1.1.11",
      "resolved": "https://registry.npmjs.intuit.net:443/artifactory/api/npm/npm-intuit/brace-expansion/-/brace-expansion-1.1.11.tgz",
      "integrity": "sha1-PH/L9SnYcibz0vUrlm/1Jx60Qd0=",
      "dev": true,
      "requires": {
        "balanced-match": "^1.0.0",
        "concat-map": "0.0.1"
      }
    },
    "buffer-from": {
      "version": "1.1.1",
      "resolved": "https://registry.npmjs.intuit.net:443/artifactory/api/npm/npm-intuit/buffer-from/-/buffer-from-1.1.1.tgz",
      "integrity": "sha1-MnE7wCj3XAL9txDXx7zsHyxgcO8=",
      "dev": true
    },
    "caseless": {
      "version": "0.12.0",
      "resolved": "https://registry.npmjs.intuit.net:443/artifactory/api/npm/npm-intuit/caseless/-/caseless-0.12.0.tgz",
      "integrity": "sha1-G2gcIf+EAzyCZUMJBolCDRhxUdw="
    },
    "cheerio": {
      "version": "0.22.0",
      "resolved": "https://registry.npmjs.intuit.net:443/artifactory/api/npm/npm-intuit/cheerio/-/cheerio-0.22.0.tgz",
      "integrity": "sha1-qbqoYKP5tZWmuBsahocxIe06Jp4=",
      "requires": {
        "css-select": "~1.2.0",
        "dom-serializer": "~0.1.0",
        "entities": "~1.1.1",
        "htmlparser2": "^3.9.1",
        "lodash.assignin": "^4.0.9",
        "lodash.bind": "^4.1.4",
        "lodash.defaults": "^4.0.1",
        "lodash.filter": "^4.4.0",
        "lodash.flatten": "^4.2.0",
        "lodash.foreach": "^4.3.0",
        "lodash.map": "^4.4.0",
        "lodash.merge": "^4.4.0",
        "lodash.pick": "^4.2.1",
        "lodash.reduce": "^4.4.0",
        "lodash.reject": "^4.4.0",
        "lodash.some": "^4.4.0"
      }
    },
    "chroma-js": {
      "version": "1.4.1",
      "resolved": "https://registry.npmjs.intuit.net:443/artifactory/api/npm/npm-intuit/chroma-js/-/chroma-js-1.4.1.tgz",
      "integrity": "sha1-6y2cTR/yRha+hLNRGfTSb4IF8TQ="
    },
    "combined-stream": {
      "version": "1.0.7",
      "resolved": "https://registry.npmjs.intuit.net:443/artifactory/api/npm/npm-intuit/combined-stream/-/combined-stream-1.0.7.tgz",
      "integrity": "sha1-LR0kMXr7ir6V1tLAsHtXgTU52Cg=",
      "requires": {
        "delayed-stream": "~1.0.0"
      }
    },
    "concat-map": {
      "version": "0.0.1",
      "resolved": "https://registry.npmjs.intuit.net:443/artifactory/api/npm/npm-intuit/concat-map/-/concat-map-0.0.1.tgz",
      "integrity": "sha1-2Klr13/Wjfd5OnMDajug1UBdR3s=",
      "dev": true
    },
    "concat-stream": {
      "version": "1.6.2",
      "resolved": "https://registry.npmjs.intuit.net:443/artifactory/api/npm/npm-intuit/concat-stream/-/concat-stream-1.6.2.tgz",
      "integrity": "sha1-kEvfGUzTEi/Gdcd/xKw9T/D9GjQ=",
      "dev": true,
      "requires": {
        "buffer-from": "^1.0.0",
        "inherits": "^2.0.3",
        "readable-stream": "^2.2.2",
        "typedarray": "^0.0.6"
      }
    },
    "core-util-is": {
      "version": "1.0.2",
      "resolved": "https://registry.npmjs.intuit.net:443/artifactory/api/npm/npm-intuit/core-util-is/-/core-util-is-1.0.2.tgz",
      "integrity": "sha1-tf1UIgqivFq1eqtxQMlAdUUDwac="
    },
    "css-select": {
      "version": "1.2.0",
      "resolved": "https://registry.npmjs.intuit.net:443/artifactory/api/npm/npm-intuit/css-select/-/css-select-1.2.0.tgz",
      "integrity": "sha1-KzoRBTnFNV8c2NMUYj6HCxIeyFg=",
      "requires": {
        "boolbase": "~1.0.0",
        "css-what": "2.1",
        "domutils": "1.5.1",
        "nth-check": "~1.0.1"
      }
    },
    "css-what": {
      "version": "2.1.2",
      "resolved": "https://registry.npmjs.intuit.net:443/artifactory/api/npm/npm-intuit/css-what/-/css-what-2.1.2.tgz",
      "integrity": "sha1-wIdtnQSAkn19SSDc1yrzWVZJVU0="
    },
    "cwise-compiler": {
      "version": "1.1.3",
      "resolved": "https://registry.npmjs.intuit.net:443/artifactory/api/npm/npm-intuit/cwise-compiler/-/cwise-compiler-1.1.3.tgz",
      "integrity": "sha1-9NZnQQ6FDToxOn0tt7HlBbsDTMU=",
      "requires": {
        "uniq": "^1.0.0"
      }
    },
    "dashdash": {
      "version": "1.14.1",
      "resolved": "https://registry.npmjs.intuit.net:443/artifactory/api/npm/npm-intuit/dashdash/-/dashdash-1.14.1.tgz",
      "integrity": "sha1-hTz6D3y+L+1d4gMmuN1YEDX24vA=",
      "requires": {
        "assert-plus": "^1.0.0"
      }
    },
    "data-uri-to-buffer": {
      "version": "0.0.3",
      "resolved": "https://registry.npmjs.intuit.net:443/artifactory/api/npm/npm-intuit/data-uri-to-buffer/-/data-uri-to-buffer-0.0.3.tgz",
      "integrity": "sha1-GK6XmmoMqZSwYlhTkW0mYruuCxo="
    },
    "debug": {
      "version": "4.1.1",
      "resolved": "https://registry.npmjs.intuit.net:443/artifactory/api/npm/npm-intuit/debug/-/debug-4.1.1.tgz",
      "integrity": "sha1-O3ImAlUQnGtYnO4FDx1RYTlmR5E=",
      "dev": true,
      "requires": {
        "ms": "^2.1.1"
      }
    },
    "delayed-stream": {
      "version": "1.0.0",
      "resolved": "https://registry.npmjs.intuit.net:443/artifactory/api/npm/npm-intuit/delayed-stream/-/delayed-stream-1.0.0.tgz",
      "integrity": "sha1-3zrhmayt+31ECqrgsp4icrJOxhk="
    },
    "dom-serializer": {
      "version": "0.1.0",
      "resolved": "https://registry.npmjs.intuit.net:443/artifactory/api/npm/npm-intuit/dom-serializer/-/dom-serializer-0.1.0.tgz",
      "integrity": "sha1-BzxpdUbOB4DOI75KKOKT5AvDDII=",
      "requires": {
        "domelementtype": "~1.1.1",
        "entities": "~1.1.1"
      },
      "dependencies": {
        "domelementtype": {
          "version": "1.1.3",
          "resolved": "https://registry.npmjs.intuit.net:443/artifactory/api/npm/npm-intuit/domelementtype/-/domelementtype-1.1.3.tgz",
          "integrity": "sha1-vSh3PiZCiBrsUVRJJCmcXNgiGFs="
        }
      }
    },
    "domelementtype": {
      "version": "1.3.1",
      "resolved": "https://registry.npmjs.intuit.net:443/artifactory/api/npm/npm-intuit/domelementtype/-/domelementtype-1.3.1.tgz",
      "integrity": "sha1-0EjESzew0Qp/Kj1f7j9DM9eQSB8="
    },
    "domhandler": {
      "version": "2.4.2",
      "resolved": "https://registry.npmjs.intuit.net:443/artifactory/api/npm/npm-intuit/domhandler/-/domhandler-2.4.2.tgz",
      "integrity": "sha1-iAUJfpM9ZehVRvcm1g9euItE+AM=",
      "requires": {
        "domelementtype": "1"
      }
    },
    "domutils": {
      "version": "1.5.1",
      "resolved": "https://registry.npmjs.intuit.net:443/artifactory/api/npm/npm-intuit/domutils/-/domutils-1.5.1.tgz",
      "integrity": "sha1-3NhIiib1Y9YQeeSMn3t+Mjc2gs8=",
      "requires": {
        "dom-serializer": "0",
        "domelementtype": "1"
      }
    },
    "ecc-jsbn": {
      "version": "0.1.2",
      "resolved": "https://registry.npmjs.intuit.net:443/artifactory/api/npm/npm-intuit/ecc-jsbn/-/ecc-jsbn-0.1.2.tgz",
      "integrity": "sha1-OoOpBOVDUyh4dMVkt1SThoSamMk=",
      "requires": {
        "jsbn": "~0.1.0",
        "safer-buffer": "^2.1.0"
      }
    },
    "entities": {
      "version": "1.1.2",
      "resolved": "https://registry.npmjs.intuit.net:443/artifactory/api/npm/npm-intuit/entities/-/entities-1.1.2.tgz",
      "integrity": "sha1-vfpzUplmTfr9NFKe1PhSKidf6lY="
    },
    "es6-promise": {
      "version": "4.2.5",
      "resolved": "https://registry.npmjs.intuit.net:443/artifactory/api/npm/npm-intuit/es6-promise/-/es6-promise-4.2.5.tgz",
      "integrity": "sha1-2m0NVpLvtGHggsFIF/4kJ9j10FQ=",
      "dev": true
    },
    "es6-promisify": {
      "version": "5.0.0",
      "resolved": "https://registry.npmjs.intuit.net:443/artifactory/api/npm/npm-intuit/es6-promisify/-/es6-promisify-5.0.0.tgz",
      "integrity": "sha1-UQnWLz5W6pZ8S2NQWu8IKRyKUgM=",
      "dev": true,
      "requires": {
        "es6-promise": "^4.0.3"
      }
    },
    "extend": {
      "version": "3.0.2",
      "resolved": "https://registry.npmjs.intuit.net:443/artifactory/api/npm/npm-intuit/extend/-/extend-3.0.2.tgz",
      "integrity": "sha1-+LETa0Bx+9jrFAr/hYsQGewpFfo="
    },
    "extract-zip": {
      "version": "1.6.7",
      "resolved": "https://registry.npmjs.intuit.net:443/artifactory/api/npm/npm-intuit/extract-zip/-/extract-zip-1.6.7.tgz",
      "integrity": "sha1-qEC0uK9kAyZMjbV/Txp0Mz74H+k=",
      "dev": true,
      "requires": {
        "concat-stream": "1.6.2",
        "debug": "2.6.9",
        "mkdirp": "0.5.1",
        "yauzl": "2.4.1"
      },
      "dependencies": {
        "debug": {
          "version": "2.6.9",
          "resolved": "https://registry.npmjs.intuit.net:443/artifactory/api/npm/npm-intuit/debug/-/debug-2.6.9.tgz",
          "integrity": "sha1-XRKFFd8TT/Mn6QpMk/Tgd6U2NB8=",
          "dev": true,
          "requires": {
            "ms": "2.0.0"
          }
        },
        "ms": {
          "version": "2.0.0",
          "resolved": "https://registry.npmjs.intuit.net:443/artifactory/api/npm/npm-intuit/ms/-/ms-2.0.0.tgz",
          "integrity": "sha1-VgiurfwAvmwpAd9fmGF4jeDVl8g=",
          "dev": true
        }
      }
    },
    "extsprintf": {
      "version": "1.3.0",
      "resolved": "https://registry.npmjs.intuit.net:443/artifactory/api/npm/npm-intuit/extsprintf/-/extsprintf-1.3.0.tgz",
      "integrity": "sha1-lpGEQOMEGnpBT4xS48V06zw+HgU="
    },
    "fast-deep-equal": {
      "version": "2.0.1",
      "resolved": "https://registry.npmjs.intuit.net:443/artifactory/api/npm/npm-intuit/fast-deep-equal/-/fast-deep-equal-2.0.1.tgz",
      "integrity": "sha1-ewUhjd+WZ79/Nwv3/bLLFf3Qqkk="
    },
    "fast-json-stable-stringify": {
      "version": "2.0.0",
      "resolved": "https://registry.npmjs.intuit.net:443/artifactory/api/npm/npm-intuit/fast-json-stable-stringify/-/fast-json-stable-stringify-2.0.0.tgz",
      "integrity": "sha1-1RQsDK7msRifh9OnYREGT4bIu/I="
    },
    "fd-slicer": {
      "version": "1.0.1",
      "resolved": "https://registry.npmjs.intuit.net:443/artifactory/api/npm/npm-intuit/fd-slicer/-/fd-slicer-1.0.1.tgz",
      "integrity": "sha1-i1vL2ewyfFBBv5qwI/1nUPEXfmU=",
      "dev": true,
      "requires": {
        "pend": "~1.2.0"
      }
    },
    "forever-agent": {
      "version": "0.6.1",
      "resolved": "https://registry.npmjs.intuit.net:443/artifactory/api/npm/npm-intuit/forever-agent/-/forever-agent-0.6.1.tgz",
      "integrity": "sha1-+8cfDEGt6zf5bFd60e1C2P2sypE="
    },
    "form-data": {
      "version": "2.3.3",
      "resolved": "https://registry.npmjs.intuit.net:443/artifactory/api/npm/npm-intuit/form-data/-/form-data-2.3.3.tgz",
      "integrity": "sha1-3M5SwF9kTymManq5Nr1yTO/786Y=",
      "requires": {
        "asynckit": "^0.4.0",
        "combined-stream": "^1.0.6",
        "mime-types": "^2.1.12"
      }
    },
    "fs.realpath": {
      "version": "1.0.0",
      "resolved": "https://registry.npmjs.intuit.net:443/artifactory/api/npm/npm-intuit/fs.realpath/-/fs.realpath-1.0.0.tgz",
      "integrity": "sha1-FQStJSMVjKpA20onh8sBQRmU6k8=",
      "dev": true
    },
    "get-image-colors": {
      "version": "2.0.0",
      "resolved": "https://registry.npmjs.intuit.net:443/artifactory/api/npm/npm-intuit/get-image-colors/-/get-image-colors-2.0.0.tgz",
      "integrity": "sha1-egxnNVAMiVO9z/Pty/I8XIDB61E=",
      "requires": {
        "chroma-js": "^1.1.1",
        "get-pixels": "^3.3.0",
        "get-rgba-palette": "^2.0.0",
        "get-svg-colors": "^1.3.0",
        "pify": "^2.3.0"
      }
    },
    "get-pixels": {
      "version": "3.3.2",
      "resolved": "https://registry.npmjs.intuit.net:443/artifactory/api/npm/npm-intuit/get-pixels/-/get-pixels-3.3.2.tgz",
      "integrity": "sha1-P2L7iBGTLGnyYrugfLpytpK0/wM=",
      "requires": {
        "data-uri-to-buffer": "0.0.3",
        "jpeg-js": "^0.3.2",
        "mime-types": "^2.0.1",
        "ndarray": "^1.0.13",
        "ndarray-pack": "^1.1.1",
        "node-bitmap": "0.0.1",
        "omggif": "^1.0.5",
        "parse-data-uri": "^0.2.0",
        "pngjs": "^3.3.3",
        "request": "^2.44.0",
        "through": "^2.3.4"
      }
    },
    "get-rgba-palette": {
      "version": "2.0.1",
      "resolved": "https://registry.npmjs.intuit.net:443/artifactory/api/npm/npm-intuit/get-rgba-palette/-/get-rgba-palette-2.0.1.tgz",
      "integrity": "sha1-XOcPdcbvUogvVN0Hnl7Wi1ojI8o=",
      "requires": {
        "quantize": "^1.0.1"
      }
    },
    "get-svg-colors": {
      "version": "1.5.1",
      "resolved": "https://registry.npmjs.intuit.net:443/artifactory/api/npm/npm-intuit/get-svg-colors/-/get-svg-colors-1.5.1.tgz",
      "integrity": "sha1-WfQAT1+0/AsOquw23OAEs7EPGIs=",
      "requires": {
        "cheerio": "^0.22.0",
        "chroma-js": "^1.1.1",
        "is-svg": "^3.0.0",
        "lodash.compact": "^3.0.0",
        "lodash.uniq": "^4.5.0"
      }
    },
    "getpass": {
      "version": "0.1.7",
      "resolved": "https://registry.npmjs.intuit.net:443/artifactory/api/npm/npm-intuit/getpass/-/getpass-0.1.7.tgz",
      "integrity": "sha1-Xv+OPmhNVprkyysSgmBOi6YhSfo=",
      "requires": {
        "assert-plus": "^1.0.0"
      }
    },
    "glob": {
      "version": "7.1.3",
      "resolved": "https://registry.npmjs.intuit.net:443/artifactory/api/npm/npm-intuit/glob/-/glob-7.1.3.tgz",
      "integrity": "sha1-OWCDLT8VdBCDQtr9OmezMsCWnfE=",
      "dev": true,
      "requires": {
        "fs.realpath": "^1.0.0",
        "inflight": "^1.0.4",
        "inherits": "2",
        "minimatch": "^3.0.4",
        "once": "^1.3.0",
        "path-is-absolute": "^1.0.0"
      }
    },
    "har-schema": {
      "version": "2.0.0",
      "resolved": "https://registry.npmjs.intuit.net:443/artifactory/api/npm/npm-intuit/har-schema/-/har-schema-2.0.0.tgz",
      "integrity": "sha1-qUwiJOvKwEeCoNkDVSHyRzW37JI="
    },
    "har-validator": {
      "version": "5.1.3",
      "resolved": "https://registry.npmjs.intuit.net:443/artifactory/api/npm/npm-intuit/har-validator/-/har-validator-5.1.3.tgz",
      "integrity": "sha1-HvievT5JllV2de7ZiTEQ3DUPoIA=",
      "requires": {
        "ajv": "^6.5.5",
        "har-schema": "^2.0.0"
      }
    },
    "html-comment-regex": {
      "version": "1.1.2",
      "resolved": "https://registry.npmjs.intuit.net:443/artifactory/api/npm/npm-intuit/html-comment-regex/-/html-comment-regex-1.1.2.tgz",
      "integrity": "sha1-l9RoiutcgYhqNk+qDK0d2hTUM6c="
    },
    "htmlparser2": {
      "version": "3.10.0",
      "resolved": "https://registry.npmjs.intuit.net:443/artifactory/api/npm/npm-intuit/htmlparser2/-/htmlparser2-3.10.0.tgz",
      "integrity": "sha1-X15CLc9hGcDZg+02Jgzp3tC+5GQ=",
      "requires": {
        "domelementtype": "^1.3.0",
        "domhandler": "^2.3.0",
        "domutils": "^1.5.1",
        "entities": "^1.1.1",
        "inherits": "^2.0.1",
        "readable-stream": "^3.0.6"
      },
      "dependencies": {
        "readable-stream": {
          "version": "3.1.1",
          "resolved": "https://registry.npmjs.intuit.net:443/artifactory/api/npm/npm-intuit/readable-stream/-/readable-stream-3.1.1.tgz",
          "integrity": "sha1-7Wu8bFuliwkAOf8YzmcFFXla6wY=",
          "requires": {
            "inherits": "^2.0.3",
            "string_decoder": "^1.1.1",
            "util-deprecate": "^1.0.1"
          }
        }
      }
    },
    "http-signature": {
      "version": "1.2.0",
      "resolved": "https://registry.npmjs.intuit.net:443/artifactory/api/npm/npm-intuit/http-signature/-/http-signature-1.2.0.tgz",
      "integrity": "sha1-muzZJRFHcvPZW2WmCruPfBj7rOE=",
      "requires": {
        "assert-plus": "^1.0.0",
        "jsprim": "^1.2.2",
        "sshpk": "^1.7.0"
      }
    },
    "https-proxy-agent": {
      "version": "2.2.1",
      "resolved": "https://registry.npmjs.intuit.net:443/artifactory/api/npm/npm-intuit/https-proxy-agent/-/https-proxy-agent-2.2.1.tgz",
      "integrity": "sha1-UVUpcPoE1yPgTFbQQXjD+SWSu8A=",
      "dev": true,
      "requires": {
        "agent-base": "^4.1.0",
        "debug": "^3.1.0"
      },
      "dependencies": {
        "debug": {
          "version": "3.2.6",
          "resolved": "https://registry.npmjs.intuit.net:443/artifactory/api/npm/npm-intuit/debug/-/debug-3.2.6.tgz",
          "integrity": "sha1-6D0X3hbYp++3cX7b5fsQE17uYps=",
          "dev": true,
          "requires": {
            "ms": "^2.1.1"
          }
        }
      }
    },
    "inflight": {
      "version": "1.0.6",
      "resolved": "https://registry.npmjs.intuit.net:443/artifactory/api/npm/npm-intuit/inflight/-/inflight-1.0.6.tgz",
      "integrity": "sha1-Sb1jMdfQLQwJvJEKEHW6gWW1bfk=",
      "dev": true,
      "requires": {
        "once": "^1.3.0",
        "wrappy": "1"
      }
    },
    "inherits": {
      "version": "2.0.3",
      "resolved": "https://registry.npmjs.intuit.net:443/artifactory/api/npm/npm-intuit/inherits/-/inherits-2.0.3.tgz",
      "integrity": "sha1-Yzwsg+PaQqUC9SRmAiSA9CCCYd4="
    },
    "iota-array": {
      "version": "1.0.0",
      "resolved": "https://registry.npmjs.intuit.net:443/artifactory/api/npm/npm-intuit/iota-array/-/iota-array-1.0.0.tgz",
      "integrity": "sha1-ge9X/l0FgUzVjCSDYyqZwwoOgIc="
    },
    "is-buffer": {
      "version": "1.1.6",
      "resolved": "https://registry.npmjs.intuit.net:443/artifactory/api/npm/npm-intuit/is-buffer/-/is-buffer-1.1.6.tgz",
      "integrity": "sha1-76ouqdqg16suoTqXsritUf776L4="
    },
    "is-svg": {
      "version": "3.0.0",
      "resolved": "https://registry.npmjs.intuit.net:443/artifactory/api/npm/npm-intuit/is-svg/-/is-svg-3.0.0.tgz",
      "integrity": "sha1-kyHb0pwhLlypnE+peUxxS8r6L3U=",
      "requires": {
        "html-comment-regex": "^1.1.0"
      }
    },
    "is-typedarray": {
      "version": "1.0.0",
      "resolved": "https://registry.npmjs.intuit.net:443/artifactory/api/npm/npm-intuit/is-typedarray/-/is-typedarray-1.0.0.tgz",
      "integrity": "sha1-5HnICFjfDBsR3dppQPlgEfzaSpo="
    },
    "isarray": {
      "version": "1.0.0",
      "resolved": "https://registry.npmjs.intuit.net:443/artifactory/api/npm/npm-intuit/isarray/-/isarray-1.0.0.tgz",
      "integrity": "sha1-u5NdSFgsuhaMBoNJV6VKPgcSTxE=",
      "dev": true
    },
    "isstream": {
      "version": "0.1.2",
      "resolved": "https://registry.npmjs.intuit.net:443/artifactory/api/npm/npm-intuit/isstream/-/isstream-0.1.2.tgz",
      "integrity": "sha1-R+Y/evVa+m+S4VAOaQ64uFKcCZo="
    },
    "jpeg-js": {
      "version": "0.3.4",
      "resolved": "https://registry.npmjs.intuit.net:443/artifactory/api/npm/npm-intuit/jpeg-js/-/jpeg-js-0.3.4.tgz",
      "integrity": "sha1-3CulAe49WLe7iTxdH6tHKUkX5+c="
    },
    "jsbn": {
      "version": "0.1.1",
      "resolved": "https://registry.npmjs.intuit.net:443/artifactory/api/npm/npm-intuit/jsbn/-/jsbn-0.1.1.tgz",
      "integrity": "sha1-peZUwuWi3rXyAdls77yoDA7y9RM="
    },
    "json-schema": {
      "version": "0.2.3",
      "resolved": "https://registry.npmjs.intuit.net:443/artifactory/api/npm/npm-intuit/json-schema/-/json-schema-0.2.3.tgz",
      "integrity": "sha1-tIDIkuWaLwWVTOcnvT8qTogvnhM="
    },
    "json-schema-traverse": {
      "version": "0.4.1",
      "resolved": "https://registry.npmjs.intuit.net:443/artifactory/api/npm/npm-intuit/json-schema-traverse/-/json-schema-traverse-0.4.1.tgz",
      "integrity": "sha1-afaofZUTq4u4/mO9sJecRI5oRmA="
    },
    "json-stringify-safe": {
      "version": "5.0.1",
      "resolved": "https://registry.npmjs.intuit.net:443/artifactory/api/npm/npm-intuit/json-stringify-safe/-/json-stringify-safe-5.0.1.tgz",
      "integrity": "sha1-Epai1Y/UXxmg9s4B1lcB4sc1tus="
    },
    "jsprim": {
      "version": "1.4.1",
      "resolved": "https://registry.npmjs.intuit.net:443/artifactory/api/npm/npm-intuit/jsprim/-/jsprim-1.4.1.tgz",
      "integrity": "sha1-MT5mvB5cwG5Di8G3SZwuXFastqI=",
      "requires": {
        "assert-plus": "1.0.0",
        "extsprintf": "1.3.0",
        "json-schema": "0.2.3",
        "verror": "1.10.0"
      }
    },
    "lodash.assignin": {
      "version": "4.2.0",
      "resolved": "https://registry.npmjs.intuit.net:443/artifactory/api/npm/npm-intuit/lodash.assignin/-/lodash.assignin-4.2.0.tgz",
      "integrity": "sha1-uo31+4QesKPoBEIysOJjqNxqKKI="
    },
    "lodash.bind": {
      "version": "4.2.1",
      "resolved": "https://registry.npmjs.intuit.net:443/artifactory/api/npm/npm-intuit/lodash.bind/-/lodash.bind-4.2.1.tgz",
      "integrity": "sha1-euMBfpOWIqwxt9fX3LGzTbFpDTU="
    },
    "lodash.compact": {
      "version": "3.0.1",
      "resolved": "https://registry.npmjs.intuit.net:443/artifactory/api/npm/npm-intuit/lodash.compact/-/lodash.compact-3.0.1.tgz",
      "integrity": "sha1-VAzjg3dFl1gHRx4WtKK6IeclbKU="
    },
    "lodash.defaults": {
      "version": "4.2.0",
      "resolved": "https://registry.npmjs.intuit.net:443/artifactory/api/npm/npm-intuit/lodash.defaults/-/lodash.defaults-4.2.0.tgz",
      "integrity": "sha1-0JF4cW/+pN3p5ft7N/bwgCJ0WAw="
    },
    "lodash.filter": {
      "version": "4.6.0",
      "resolved": "https://registry.npmjs.intuit.net:443/artifactory/api/npm/npm-intuit/lodash.filter/-/lodash.filter-4.6.0.tgz",
      "integrity": "sha1-ZosdSYFgOuHMWm+nYBQ+SAtMSs4="
    },
    "lodash.flatten": {
      "version": "4.4.0",
      "resolved": "https://registry.npmjs.intuit.net:443/artifactory/api/npm/npm-intuit/lodash.flatten/-/lodash.flatten-4.4.0.tgz",
      "integrity": "sha1-8xwiIlqWMtK7+OSt2+8kCqdlph8="
    },
    "lodash.foreach": {
      "version": "4.5.0",
      "resolved": "https://registry.npmjs.intuit.net:443/artifactory/api/npm/npm-intuit/lodash.foreach/-/lodash.foreach-4.5.0.tgz",
      "integrity": "sha1-Gmo16s5AEoDH8G3d7DUWWrJ+PlM="
    },
    "lodash.map": {
      "version": "4.6.0",
      "resolved": "https://registry.npmjs.intuit.net:443/artifactory/api/npm/npm-intuit/lodash.map/-/lodash.map-4.6.0.tgz",
      "integrity": "sha1-dx7Hg540c9nEzeKLGTlMNWL09tM="
    },
    "lodash.merge": {
      "version": "4.6.1",
      "resolved": "https://registry.npmjs.intuit.net:443/artifactory/api/npm/npm-intuit/lodash.merge/-/lodash.merge-4.6.1.tgz",
      "integrity": "sha1-rcJdnLmbk5HFliTzefu6YNcRHVQ="
    },
    "lodash.pick": {
      "version": "4.4.0",
      "resolved": "https://registry.npmjs.intuit.net:443/artifactory/api/npm/npm-intuit/lodash.pick/-/lodash.pick-4.4.0.tgz",
      "integrity": "sha1-UvBWEP/53tQiYRRB7R/BI6AwAbM="
    },
    "lodash.reduce": {
      "version": "4.6.0",
      "resolved": "https://registry.npmjs.intuit.net:443/artifactory/api/npm/npm-intuit/lodash.reduce/-/lodash.reduce-4.6.0.tgz",
      "integrity": "sha1-8atrg5KZrUj3hKu/R2WW8DuRTTs="
    },
    "lodash.reject": {
      "version": "4.6.0",
      "resolved": "https://registry.npmjs.intuit.net:443/artifactory/api/npm/npm-intuit/lodash.reject/-/lodash.reject-4.6.0.tgz",
      "integrity": "sha1-gNZJLcFHCGS79YNTO2UfQqn1JBU="
    },
    "lodash.some": {
      "version": "4.6.0",
      "resolved": "https://registry.npmjs.intuit.net:443/artifactory/api/npm/npm-intuit/lodash.some/-/lodash.some-4.6.0.tgz",
      "integrity": "sha1-G7nzFO9ri63tE7VJFpsqlF62jk0="
    },
    "lodash.uniq": {
      "version": "4.5.0",
      "resolved": "https://registry.npmjs.intuit.net:443/artifactory/api/npm/npm-intuit/lodash.uniq/-/lodash.uniq-4.5.0.tgz",
      "integrity": "sha1-0CJTc662Uq3BvILklFM5qEJ1R3M="
    },
    "mime": {
      "version": "2.4.0",
      "resolved": "https://registry.npmjs.intuit.net:443/artifactory/api/npm/npm-intuit/mime/-/mime-2.4.0.tgz",
      "integrity": "sha1-4FH9iBNYWF8yed8zP+aU2gvP/dY=",
      "dev": true
    },
    "mime-db": {
      "version": "1.37.0",
      "resolved": "https://registry.npmjs.intuit.net:443/artifactory/api/npm/npm-intuit/mime-db/-/mime-db-1.37.0.tgz",
      "integrity": "sha1-C2oM5v2+lXbiXx8tL96IMNwK0Ng="
    },
    "mime-types": {
      "version": "2.1.21",
      "resolved": "https://registry.npmjs.intuit.net:443/artifactory/api/npm/npm-intuit/mime-types/-/mime-types-2.1.21.tgz",
      "integrity": "sha1-KJlaoey3cHQv5q5+WPkYHHRLP5Y=",
      "requires": {
        "mime-db": "~1.37.0"
      }
    },
    "minimatch": {
      "version": "3.0.4",
      "resolved": "https://registry.npmjs.intuit.net:443/artifactory/api/npm/npm-intuit/minimatch/-/minimatch-3.0.4.tgz",
      "integrity": "sha1-UWbihkV/AzBgZL5Ul+jbsMPTIIM=",
      "dev": true,
      "requires": {
        "brace-expansion": "^1.1.7"
      }
    },
    "minimist": {
      "version": "0.0.8",
      "resolved": "https://registry.npmjs.intuit.net:443/artifactory/api/npm/npm-intuit/minimist/-/minimist-0.0.8.tgz",
      "integrity": "sha1-hX/Kv8M5fSYluCKCYuhqp6ARsF0=",
      "dev": true
    },
    "mkdirp": {
      "version": "0.5.1",
      "resolved": "https://registry.npmjs.intuit.net:443/artifactory/api/npm/npm-intuit/mkdirp/-/mkdirp-0.5.1.tgz",
      "integrity": "sha1-MAV0OOrGz3+MR2fzhkjWaX11yQM=",
      "dev": true,
      "requires": {
        "minimist": "0.0.8"
      }
    },
    "ms": {
      "version": "2.1.1",
      "resolved": "https://registry.npmjs.intuit.net:443/artifactory/api/npm/npm-intuit/ms/-/ms-2.1.1.tgz",
      "integrity": "sha1-MKWGTrPrsKZvLr5tcnrwagnYbgo=",
      "dev": true
    },
    "ndarray": {
      "version": "1.0.18",
      "resolved": "https://registry.npmjs.intuit.net:443/artifactory/api/npm/npm-intuit/ndarray/-/ndarray-1.0.18.tgz",
      "integrity": "sha1-tg06cyJOxVXQ+qeXEeUCRI/T95M=",
      "requires": {
        "iota-array": "^1.0.0",
        "is-buffer": "^1.0.2"
      }
    },
    "ndarray-pack": {
      "version": "1.2.1",
      "resolved": "https://registry.npmjs.intuit.net:443/artifactory/api/npm/npm-intuit/ndarray-pack/-/ndarray-pack-1.2.1.tgz",
      "integrity": "sha1-jK6+qqJNXs9w/4YCBjeXfajuWFo=",
      "requires": {
        "cwise-compiler": "^1.1.2",
        "ndarray": "^1.0.13"
      }
    },
    "node-bitmap": {
      "version": "0.0.1",
      "resolved": "https://registry.npmjs.intuit.net:443/artifactory/api/npm/npm-intuit/node-bitmap/-/node-bitmap-0.0.1.tgz",
      "integrity": "sha1-GA6scAPgxwdhjvMTaPYvhLKmkJE="
    },
    "nth-check": {
      "version": "1.0.2",
      "resolved": "https://registry.npmjs.intuit.net:443/artifactory/api/npm/npm-intuit/nth-check/-/nth-check-1.0.2.tgz",
      "integrity": "sha1-sr0pXDfj3VijvwcAN2Zjuk2c8Fw=",
      "requires": {
        "boolbase": "~1.0.0"
      }
    },
    "oauth-sign": {
      "version": "0.9.0",
      "resolved": "https://registry.npmjs.intuit.net:443/artifactory/api/npm/npm-intuit/oauth-sign/-/oauth-sign-0.9.0.tgz",
      "integrity": "sha1-R6ewFrqmi1+g7PPe4IqFxnmsZFU="
    },
    "omggif": {
      "version": "1.0.9",
      "resolved": "https://registry.npmjs.intuit.net:443/artifactory/api/npm/npm-intuit/omggif/-/omggif-1.0.9.tgz",
      "integrity": "sha1-3LcCTazVDFK00wPwSALJHAV8dl8="
    },
    "once": {
      "version": "1.4.0",
      "resolved": "https://registry.npmjs.intuit.net:443/artifactory/api/npm/npm-intuit/once/-/once-1.4.0.tgz",
      "integrity": "sha1-WDsap3WWHUsROsF9nFC6753Xa9E=",
      "dev": true,
      "requires": {
        "wrappy": "1"
      }
    },
    "parse-data-uri": {
      "version": "0.2.0",
      "resolved": "https://registry.npmjs.intuit.net:443/artifactory/api/npm/npm-intuit/parse-data-uri/-/parse-data-uri-0.2.0.tgz",
      "integrity": "sha1-vwTYUd1ch7CrI45dAazklLYEtMk=",
      "requires": {
        "data-uri-to-buffer": "0.0.3"
      }
    },
    "path-is-absolute": {
      "version": "1.0.1",
      "resolved": "https://registry.npmjs.intuit.net:443/artifactory/api/npm/npm-intuit/path-is-absolute/-/path-is-absolute-1.0.1.tgz",
      "integrity": "sha1-F0uSaHNVNP+8es5r9TpanhtcX18=",
      "dev": true
    },
    "pend": {
      "version": "1.2.0",
      "resolved": "https://registry.npmjs.intuit.net:443/artifactory/api/npm/npm-intuit/pend/-/pend-1.2.0.tgz",
      "integrity": "sha1-elfrVQpng/kRUzH89GY9XI4AelA=",
      "dev": true
    },
    "performance-now": {
      "version": "2.1.0",
      "resolved": "https://registry.npmjs.intuit.net:443/artifactory/api/npm/npm-intuit/performance-now/-/performance-now-2.1.0.tgz",
      "integrity": "sha1-Ywn04OX6kT7BxpMHrjZLSzd8nns="
    },
    "pify": {
      "version": "2.3.0",
      "resolved": "https://registry.npmjs.intuit.net:443/artifactory/api/npm/npm-intuit/pify/-/pify-2.3.0.tgz",
      "integrity": "sha1-7RQaasBDqEnqWISY59yosVMw6Qw="
    },
    "pixelmatch": {
      "version": "4.0.2",
      "resolved": "https://registry.npmjs.intuit.net:443/artifactory/api/npm/npm-intuit/pixelmatch/-/pixelmatch-4.0.2.tgz",
      "integrity": "sha1-j0fc7FARtHe2fbA8JDvB8wheiFQ=",
      "dev": true,
      "requires": {
        "pngjs": "^3.0.0"
      }
    },
    "pngjs": {
      "version": "3.3.3",
      "resolved": "https://registry.npmjs.intuit.net:443/artifactory/api/npm/npm-intuit/pngjs/-/pngjs-3.3.3.tgz",
      "integrity": "sha1-hRc3A73j7ayJmHV7luWCHQlmohs="
    },
    "process-nextick-args": {
      "version": "2.0.0",
      "resolved": "https://registry.npmjs.intuit.net:443/artifactory/api/npm/npm-intuit/process-nextick-args/-/process-nextick-args-2.0.0.tgz",
      "integrity": "sha1-o31zL0JxtKsa0HDTVQjoKQeI/6o=",
      "dev": true
    },
    "progress": {
      "version": "2.0.3",
      "resolved": "https://registry.npmjs.intuit.net:443/artifactory/api/npm/npm-intuit/progress/-/progress-2.0.3.tgz",
      "integrity": "sha1-foz42PW48jnBvGi+tOt4Vn1XLvg=",
      "dev": true
    },
    "proxy-from-env": {
      "version": "1.0.0",
      "resolved": "https://registry.npmjs.intuit.net:443/artifactory/api/npm/npm-intuit/proxy-from-env/-/proxy-from-env-1.0.0.tgz",
      "integrity": "sha1-M8UDmPcOp+uW0h97gXYwpVeRx+4=",
      "dev": true
    },
    "psl": {
      "version": "1.1.31",
      "resolved": "https://registry.npmjs.intuit.net:443/artifactory/api/npm/npm-intuit/psl/-/psl-1.1.31.tgz",
      "integrity": "sha1-6aqG0BAbWxBcvpOsa3hM1UcnYYQ="
    },
    "punycode": {
      "version": "2.1.1",
      "resolved": "https://registry.npmjs.intuit.net:443/artifactory/api/npm/npm-intuit/punycode/-/punycode-2.1.1.tgz",
      "integrity": "sha1-tYsBCsQMIsVldhbI0sLALHv0eew="
    },
    "puppeteer": {
      "version": "1.11.0",
      "resolved": "https://registry.npmjs.intuit.net:443/artifactory/api/npm/npm-intuit/puppeteer/-/puppeteer-1.11.0.tgz",
      "integrity": "sha1-Y82+ErBydc1uC5S85B8/yyAwV3A=",
      "dev": true,
      "requires": {
        "debug": "^4.1.0",
        "extract-zip": "^1.6.6",
        "https-proxy-agent": "^2.2.1",
        "mime": "^2.0.3",
        "progress": "^2.0.1",
        "proxy-from-env": "^1.0.0",
        "rimraf": "^2.6.1",
        "ws": "^6.1.0"
      }
    },
    "qs": {
      "version": "6.5.2",
      "resolved": "https://registry.npmjs.intuit.net:443/artifactory/api/npm/npm-intuit/qs/-/qs-6.5.2.tgz",
      "integrity": "sha1-yzroBuh0BERYTvFUzo7pjUA/PjY="
    },
    "quantize": {
      "version": "1.0.2",
      "resolved": "https://registry.npmjs.intuit.net:443/artifactory/api/npm/npm-intuit/quantize/-/quantize-1.0.2.tgz",
      "integrity": "sha1-0lrCAKd7bXD0ASfKFxoQ4zyFRt4="
    },
    "readable-stream": {
      "version": "2.3.6",
      "resolved": "https://registry.npmjs.intuit.net:443/artifactory/api/npm/npm-intuit/readable-stream/-/readable-stream-2.3.6.tgz",
      "integrity": "sha1-sRwn2IuP8fvgcGQ8+UsMea4bCq8=",
      "dev": true,
      "requires": {
        "core-util-is": "~1.0.0",
        "inherits": "~2.0.3",
        "isarray": "~1.0.0",
        "process-nextick-args": "~2.0.0",
        "safe-buffer": "~5.1.1",
        "string_decoder": "~1.1.1",
        "util-deprecate": "~1.0.1"
      }
    },
    "request": {
      "version": "2.88.0",
      "resolved": "https://registry.npmjs.intuit.net:443/artifactory/api/npm/npm-intuit/request/-/request-2.88.0.tgz",
      "integrity": "sha1-nC/KT301tZLv5Xx/ClXoEFIST+8=",
      "requires": {
        "aws-sign2": "~0.7.0",
        "aws4": "^1.8.0",
        "caseless": "~0.12.0",
        "combined-stream": "~1.0.6",
        "extend": "~3.0.2",
        "forever-agent": "~0.6.1",
        "form-data": "~2.3.2",
        "har-validator": "~5.1.0",
        "http-signature": "~1.2.0",
        "is-typedarray": "~1.0.0",
        "isstream": "~0.1.2",
        "json-stringify-safe": "~5.0.1",
        "mime-types": "~2.1.19",
        "oauth-sign": "~0.9.0",
        "performance-now": "^2.1.0",
        "qs": "~6.5.2",
        "safe-buffer": "^5.1.2",
        "tough-cookie": "~2.4.3",
        "tunnel-agent": "^0.6.0",
        "uuid": "^3.3.2"
      }
    },
    "rimraf": {
      "version": "2.6.3",
      "resolved": "https://registry.npmjs.intuit.net:443/artifactory/api/npm/npm-intuit/rimraf/-/rimraf-2.6.3.tgz",
      "integrity": "sha1-stEE/g2Psnz54KHNqCYt04M8bKs=",
      "dev": true,
      "requires": {
        "glob": "^7.1.3"
      }
    },
    "safe-buffer": {
      "version": "5.1.2",
      "resolved": "https://registry.npmjs.intuit.net:443/artifactory/api/npm/npm-intuit/safe-buffer/-/safe-buffer-5.1.2.tgz",
      "integrity": "sha1-mR7GnSluAxN0fVm9/St0XDX4go0="
    },
    "safer-buffer": {
      "version": "2.1.2",
      "resolved": "https://registry.npmjs.intuit.net:443/artifactory/api/npm/npm-intuit/safer-buffer/-/safer-buffer-2.1.2.tgz",
      "integrity": "sha1-RPoWGwGHuVSd2Eu5GAL5vYOFzWo="
    },
    "sshpk": {
      "version": "1.16.0",
      "resolved": "https://registry.npmjs.intuit.net:443/artifactory/api/npm/npm-intuit/sshpk/-/sshpk-1.16.0.tgz",
      "integrity": "sha1-HUljovv/5YBQqpCEyiC+gXQcB94=",
      "requires": {
        "asn1": "~0.2.3",
        "assert-plus": "^1.0.0",
        "bcrypt-pbkdf": "^1.0.0",
        "dashdash": "^1.12.0",
        "ecc-jsbn": "~0.1.1",
        "getpass": "^0.1.1",
        "jsbn": "~0.1.0",
        "safer-buffer": "^2.0.2",
        "tweetnacl": "~0.14.0"
      }
    },
    "string_decoder": {
      "version": "1.1.1",
      "resolved": "https://registry.npmjs.intuit.net:443/artifactory/api/npm/npm-intuit/string_decoder/-/string_decoder-1.1.1.tgz",
      "integrity": "sha1-nPFhG6YmhdcDCunkujQUnDrwP8g=",
      "requires": {
        "safe-buffer": "~5.1.0"
      }
    },
    "through": {
      "version": "2.3.8",
      "resolved": "https://registry.npmjs.intuit.net:443/artifactory/api/npm/npm-intuit/through/-/through-2.3.8.tgz",
      "integrity": "sha1-DdTJ/6q8NXlgsbckEV1+Doai4fU="
    },
    "tough-cookie": {
      "version": "2.4.3",
      "resolved": "https://registry.npmjs.intuit.net:443/artifactory/api/npm/npm-intuit/tough-cookie/-/tough-cookie-2.4.3.tgz",
      "integrity": "sha1-U/Nto/R3g7CSWvoG/587FlKA94E=",
      "requires": {
        "psl": "^1.1.24",
        "punycode": "^1.4.1"
      },
      "dependencies": {
        "punycode": {
          "version": "1.4.1",
          "resolved": "https://registry.npmjs.intuit.net:443/artifactory/api/npm/npm-intuit/punycode/-/punycode-1.4.1.tgz",
          "integrity": "sha1-wNWmOycYgArY4esPpSachN1BhF4="
        }
      }
    },
    "tunnel-agent": {
      "version": "0.6.0",
      "resolved": "https://registry.npmjs.intuit.net:443/artifactory/api/npm/npm-intuit/tunnel-agent/-/tunnel-agent-0.6.0.tgz",
      "integrity": "sha1-J6XeoGs2sEoKmWZ3SykIaPD8QP0=",
      "requires": {
        "safe-buffer": "^5.0.1"
      }
    },
    "tweetnacl": {
      "version": "0.14.5",
      "resolved": "https://registry.npmjs.intuit.net:443/artifactory/api/npm/npm-intuit/tweetnacl/-/tweetnacl-0.14.5.tgz",
      "integrity": "sha1-WuaBd/GS1EViadEIr6k/+HQ/T2Q="
    },
    "typedarray": {
      "version": "0.0.6",
      "resolved": "https://registry.npmjs.intuit.net:443/artifactory/api/npm/npm-intuit/typedarray/-/typedarray-0.0.6.tgz",
      "integrity": "sha1-hnrHTjhkGHsdPUfZlqeOxciDB3c=",
      "dev": true
    },
    "uniq": {
      "version": "1.0.1",
      "resolved": "https://registry.npmjs.intuit.net:443/artifactory/api/npm/npm-intuit/uniq/-/uniq-1.0.1.tgz",
      "integrity": "sha1-sxxa6CVIRKOoKBVBzisEuGWnNP8="
    },
    "uri-js": {
      "version": "4.2.2",
      "resolved": "https://registry.npmjs.intuit.net:443/artifactory/api/npm/npm-intuit/uri-js/-/uri-js-4.2.2.tgz",
      "integrity": "sha1-lMVA4f93KVbiKZUHwBCupsiDjrA=",
      "requires": {
        "punycode": "^2.1.0"
      }
    },
    "util-deprecate": {
      "version": "1.0.2",
      "resolved": "https://registry.npmjs.intuit.net:443/artifactory/api/npm/npm-intuit/util-deprecate/-/util-deprecate-1.0.2.tgz",
      "integrity": "sha1-RQ1Nyfpw3nMnYvvS1KKJgUGaDM8="
    },
    "uuid": {
      "version": "3.3.2",
      "resolved": "https://registry.npmjs.intuit.net:443/artifactory/api/npm/npm-intuit/uuid/-/uuid-3.3.2.tgz",
      "integrity": "sha1-G0r0lV6zB3xQHCOHL8ZROBFYcTE="
    },
    "verror": {
      "version": "1.10.0",
      "resolved": "https://registry.npmjs.intuit.net:443/artifactory/api/npm/npm-intuit/verror/-/verror-1.10.0.tgz",
      "integrity": "sha1-OhBcoXBTr1XW4nDB+CiGguGNpAA=",
      "requires": {
        "assert-plus": "^1.0.0",
        "core-util-is": "1.0.2",
        "extsprintf": "^1.2.0"
      }
    },
    "wrappy": {
      "version": "1.0.2",
      "resolved": "https://registry.npmjs.intuit.net:443/artifactory/api/npm/npm-intuit/wrappy/-/wrappy-1.0.2.tgz",
      "integrity": "sha1-tSQ9jz7BqjXxNkYFvA0QNuMKtp8=",
      "dev": true
    },
    "ws": {
      "version": "6.1.2",
      "resolved": "https://registry.npmjs.intuit.net:443/artifactory/api/npm/npm-intuit/ws/-/ws-6.1.2.tgz",
      "integrity": "sha1-PMdGLph5LwrGeUJBSJA97TucOtg=",
      "dev": true,
      "requires": {
        "async-limiter": "~1.0.0"
      }
    },
    "yauzl": {
      "version": "2.4.1",
      "resolved": "https://registry.npmjs.intuit.net:443/artifactory/api/npm/npm-intuit/yauzl/-/yauzl-2.4.1.tgz",
      "integrity": "sha1-lSj0QtqxsihOWLQ3m7GU4i4MQAU=",
      "dev": true,
      "requires": {
        "fd-slicer": "~1.0.1"
      }
    }
  }
}
